<?xml version="1.0" encoding="utf-8"?>
<Project ToolsVersion="4.0" xmlns="http://schemas.microsoft.com/developer/msbuild/2003">
  <ItemGroup>
    <Filter Include="Исходные файлы">
      <UniqueIdentifier>{4FC737F1-C7A5-4376-A066-2A32D752A2FF}</UniqueIdentifier>
      <Extensions>cpp;c;cc;cxx;c++;cppm;ixx;def;odl;idl;hpj;bat;asm;asmx</Extensions>
    </Filter>
    <Filter Include="Файлы заголовков">
      <UniqueIdentifier>{93995380-89BD-4b04-88EB-625FBE52EBFB}</UniqueIdentifier>
      <Extensions>h;hh;hpp;hxx;h++;hm;inl;inc;ipp;xsd</Extensions>
    </Filter>
    <Filter Include="Файлы ресурсов">
      <UniqueIdentifier>{67DA6AB6-F800-4c08-8B7A-83BB121AAD01}</UniqueIdentifier>
      <Extensions>rc;ico;cur;bmp;dlg;rc2;rct;bin;rgs;gif;jpg;jpeg;jpe;resx;tiff;tif;png;wav;mfcribbon-ms</Extensions>
    </Filter>
    <Filter Include="Исходные файлы\Labs">
      <UniqueIdentifier>{bdeee901-25e6-498c-baa5-96bd1172ebb9}</UniqueIdentifier>
    </Filter>
    <Filter Include="Файлы заголовков\Labs">
      <UniqueIdentifier>{c8455580-8840-4aa5-823e-c8b24f01fe3c}</UniqueIdentifier>
    </Filter>
    <Filter Include="Исходные файлы\Utils">
      <UniqueIdentifier>{a9509bca-92c3-4a50-8c73-6dab3f6a3101}</UniqueIdentifier>
    </Filter>
    <Filter Include="Файлы заголовков\Utils">
      <UniqueIdentifier>{71ada9ff-36dc-4d73-a1b2-863a87c8e3ba}</UniqueIdentifier>
    </Filter>
  </ItemGroup>
  <ItemGroup>
    <ClCompile Include="Main.c">
      <Filter>Исходные файлы</Filter>
    </ClCompile>
    <ClCompile Include="Lab1.c">
      <Filter>Исходные файлы\Labs</Filter>
    </ClCompile>
    <ClCompile Include="Lab2.c">
      <Filter>Исходные файлы\Labs</Filter>
    </ClCompile>
    <ClCompile Include="MathUtils.c">
      <Filter>Исходные файлы\Utils</Filter>
    </ClCompile>
    <ClCompile Include="Lab3.c">
      <Filter>Исходные файлы\Labs</Filter>
    </ClCompile>
    <ClCompile Include="ArrayUtils.c">
      <Filter>Исходные файлы\Utils</Filter>
    </ClCompile>
    <ClCompile Include="Lab4.c">
      <Filter>Исходные файлы\Labs</Filter>
    </ClCompile>
    <ClCompile Include="Lab5.c">
      <Filter>Исходные файлы\Labs</Filter>
    </ClCompile>
    <ClCompile Include="Lab6.c">
      <Filter>Исходные файлы\Labs</Filter>
    </ClCompile>
    <ClCompile Include="Lab7.c">
      <Filter>Исходные файлы\Labs</Filter>
    </ClCompile>
  </ItemGroup>
  <ItemGroup>
    <ClInclude Include="Lab1.h">
      <Filter>Файлы заголовков\Labs</Filter>
    </ClInclude>
    <ClInclude Include="Lab2.h">
      <Filter>Файлы заголовков\Labs</Filter>
    </ClInclude>
    <ClInclude Include="MathUtils.h">
      <Filter>Файлы заголовков\Utils</Filter>
    </ClInclude>
    <ClInclude Include="Lab3.h">
      <Filter>Файлы заголовков\Labs</Filter>
    </ClInclude>
    <ClInclude Include="ArrayUtils.h">
      <Filter>Файлы заголовков\Utils</Filter>
    </ClInclude>
    <ClInclude Include="Lab4.h">
      <Filter>Файлы заголовков\Labs</Filter>
    </ClInclude>
    <ClInclude Include="Lab5.h">
      <Filter>Файлы заголовков\Labs</Filter>
    </ClInclude>
    <ClInclude Include="Lab6.h">
      <Filter>Файлы заголовков\Labs</Filter>
    </ClInclude>
    <ClInclude Include="Lab7.h">
      <Filter>Файлы заголовков\Labs</Filter>
    </ClInclude>
  </ItemGroup>
</Project>